
Microsoft Visual Studio Solution File, Format Version 10.00
# Visual Studio 2008
Project("{FAE04EC0-301F-11D3-BF4B-00C04F79EFBC}") = "PCBDriller", "PCBDriller\PCBDriller.csproj", "{FA3B0CEE-E7B4-4951-AD66-05147194282A}"
EndProject
Project("{54435603-DBB4-11D2-8724-00A0C9A8B90C}") = "PCB Driller Setup", "PCB Driller Setup\PCB Driller Setup.vdproj", "{6567C43D-A88D-4A45-BCC2-9E1034F34AA8}"
EndProject
Global
	GlobalSection(SolutionConfigurationPlatforms) = preSolution
		Debug|Any CPU = Debug|Any CPU
		Release|Any CPU = Release|Any CPU
	EndGlobalSection
	GlobalSection(ProjectConfigurationPlatforms) = postSolution
		{FA3B0CEE-E7B4-4951-AD66-05147194282A}.Debug|Any CPU.ActiveCfg = Debug|Any CPU
		{FA3B0CEE-E7B4-4951-AD66-05147194282A}.Debug|Any CPU.Build.0 = Debug|Any CPU
		{FA3B0CEE-E7B4-4951-AD66-05147194282A}.Release|Any CPU.ActiveCfg = Release|Any CPU
		{FA3B0CEE-E7B4-4951-AD66-05147194282A}.Release|Any CPU.Build.0 = Release|Any CPU
		{6567C43D-A88D-4A45-BCC2-9E1034F34AA8}.Debug|Any CPU.ActiveCfg = Debug
		{6567C43D-A88D-4A45-BCC2-9E1034F34AA8}.Release|Any CPU.ActiveCfg = Release
	EndGlobalSection
	GlobalSection(SolutionProperties) = preSolution
		HideSolutionNode = FALSE
	EndGlobalSection
EndGlobal
